Microsoft Visual Studio Solution File, Format Version 12.00
# Visual Studio Version 17
VisualStudioVersion = 17.5.2.0
MinimumVisualStudioVersion = 10.0.40219.1
Project("{FAE04EC0-301F-11D3-BF4B-00C04F79EFBC}") = "UniversalTranslationFramework", "UniversalTranslationFramework.csproj", "{69D8A331-F31E-E8D4-E0EF-805BEA2E36DC}"
EndProject
Global
	GlobalSection(SolutionConfigurationPlatforms) = preSolution
		Debug|Any CPU = Debug|Any CPU
		Release|Any CPU = Release|Any CPU
	EndGlobalSection
	GlobalSection(ProjectConfigurationPlatforms) = postSolution
		{69D8A331-F31E-E8D4-E0EF-805BEA2E36DC}.Debug|Any CPU.ActiveCfg = Debug|Any CPU
		{69D8A331-F31E-E8D4-E0EF-805BEA2E36DC}.Debug|Any CPU.Build.0 = Debug|Any CPU
		{69D8A331-F31E-E8D4-E0EF-805BEA2E36DC}.Release|Any CPU.ActiveCfg = Release|Any CPU
		{69D8A331-F31E-E8D4-E0EF-805BEA2E36DC}.Release|Any CPU.Build.0 = Release|Any CPU
	EndGlobalSection
	GlobalSection(SolutionProperties) = preSolution
		HideSolutionNode = FALSE
	EndGlobalSection
	GlobalSection(ExtensibilityGlobals) = postSolution
		SolutionGuid = {D4BD312F-19F5-4EB1-B7D0-D0623FAC3937}
	EndGlobalSection
EndGlobal
